// !$*UTF8*$!
{
	archiveVersion = 1;
	classes = {
	};
	objectVersion = 56;
	objects = {

/* Begin PBXBuildFile section */
		D6E4FA8C2A6E4CB7001CBB3A /* main.swift in Sources */ = {isa = PBXBuildFile; fileRef = D6E4FA8B2A6E4CB7001CBB3A /* main.swift */; };
		D6E4FA932A6E68DA001CBB3A /* BurgerService.swift in Sources */ = {isa = PBXBuildFile; fileRef = D6E4FA922A6E68DA001CBB3A /* BurgerService.swift */; };
		D6E4FA952A6E6981001CBB3A /* IceCreamService.swift in Sources */ = {isa = PBXBuildFile; fileRef = D6E4FA942A6E6981001CBB3A /* IceCreamService.swift */; };
		D6E4FA972A6E6E59001CBB3A /* Sellable.swift in Sources */ = {isa = PBXBuildFile; fileRef = D6E4FA962A6E6E59001CBB3A /* Sellable.swift */; };
		D6E4FA9B2A6EE346001CBB3A /* DrinkService.swift in Sources */ = {isa = PBXBuildFile; fileRef = D6E4FA9A2A6EE346001CBB3A /* DrinkService.swift */; };
		D6E4FA9D2A6EE354001CBB3A /* BeerService.swift in Sources */ = {isa = PBXBuildFile; fileRef = D6E4FA9C2A6EE354001CBB3A /* BeerService.swift */; };
		D6E4FAAB2A6EE3F1001CBB3A /* ReadLiner.swift in Sources */ = {isa = PBXBuildFile; fileRef = D6E4FAAA2A6EE3F1001CBB3A /* ReadLiner.swift */; };
		D6E4FAB02A6EE447001CBB3A /* OrderRepository.swift in Sources */ = {isa = PBXBuildFile; fileRef = D6E4FAAF2A6EE447001CBB3A /* OrderRepository.swift */; };
		D6E4FAB22A6EE47C001CBB3A /* OrderService.swift in Sources */ = {isa = PBXBuildFile; fileRef = D6E4FAB12A6EE47C001CBB3A /* OrderService.swift */; };
		D6E4FAB42A6EE485001CBB3A /* CancelService.swift in Sources */ = {isa = PBXBuildFile; fileRef = D6E4FAB32A6EE485001CBB3A /* CancelService.swift */; };
		D6E4FAB82A6EE55D001CBB3A /* Customer.swift in Sources */ = {isa = PBXBuildFile; fileRef = D6E4FAB72A6EE55D001CBB3A /* Customer.swift */; };
		D6E4FABD2A6EE7E3001CBB3A /* Order.swift in Sources */ = {isa = PBXBuildFile; fileRef = D6E4FABC2A6EE7E3001CBB3A /* Order.swift */; };
		D6E4FABF2A6EF2B5001CBB3A /* MenuMaker.swift in Sources */ = {isa = PBXBuildFile; fileRef = D6E4FABE2A6EF2B5001CBB3A /* MenuMaker.swift */; };
		D6E4FAC12A6F51FC001CBB3A /* BurgerApp.swift in Sources */ = {isa = PBXBuildFile; fileRef = D6E4FAC02A6F51FC001CBB3A /* BurgerApp.swift */; };
		D6E4FAC42A6F52FA001CBB3A /* MenuRepository.swift in Sources */ = {isa = PBXBuildFile; fileRef = D6E4FAC32A6F52FA001CBB3A /* MenuRepository.swift */; };
		D6E4FAC62A6F594F001CBB3A /* Dependency.swift in Sources */ = {isa = PBXBuildFile; fileRef = D6E4FAC52A6F594F001CBB3A /* Dependency.swift */; };
		D6E4FAC82A6F82E3001CBB3A /* CartRepository.swift in Sources */ = {isa = PBXBuildFile; fileRef = D6E4FAC72A6F82E3001CBB3A /* CartRepository.swift */; };
		D6E4FACB2A6FCD54001CBB3A /* Date+Ext.swift in Sources */ = {isa = PBXBuildFile; fileRef = D6E4FACA2A6FCD54001CBB3A /* Date+Ext.swift */; };
		D6E4FAED2A703ECE001CBB3A /* DateService.swift in Sources */ = {isa = PBXBuildFile; fileRef = D6E4FAEC2A703ECE001CBB3A /* DateService.swift */; };
		D6E4FAEF2A704887001CBB3A /* Burger.swift in Sources */ = {isa = PBXBuildFile; fileRef = D6E4FAEE2A704887001CBB3A /* Burger.swift */; };
		D6E4FAF12A70489D001CBB3A /* IceCream.swift in Sources */ = {isa = PBXBuildFile; fileRef = D6E4FAF02A70489D001CBB3A /* IceCream.swift */; };
		D6E4FAF32A7048A2001CBB3A /* Beer.swift in Sources */ = {isa = PBXBuildFile; fileRef = D6E4FAF22A7048A2001CBB3A /* Beer.swift */; };
		D6E4FAF52A7048AE001CBB3A /* Drink.swift in Sources */ = {isa = PBXBuildFile; fileRef = D6E4FAF42A7048AE001CBB3A /* Drink.swift */; };
		D6E4FAF72A70AA95001CBB3A /* MoneyService.swift in Sources */ = {isa = PBXBuildFile; fileRef = D6E4FAF62A70AA95001CBB3A /* MoneyService.swift */; };
		D6E4FB252A71FF36001CBB3A /* Calendar+Ext.swift in Sources */ = {isa = PBXBuildFile; fileRef = D6E4FB242A71FF36001CBB3A /* Calendar+Ext.swift */; };
		D6E4FB282A7247C9001CBB3A /* QueueService.swift in Sources */ = {isa = PBXBuildFile; fileRef = D6E4FB272A7247C9001CBB3A /* QueueService.swift */; };
/* End PBXBuildFile section */

/* Begin PBXCopyFilesBuildPhase section */
		D6E4FA862A6E4CB7001CBB3A /* CopyFiles */ = {
			isa = PBXCopyFilesBuildPhase;
			buildActionMask = 2147483647;
			dstPath = /usr/share/man/man1/;
			dstSubfolderSpec = 0;
			files = (
			);
			runOnlyForDeploymentPostprocessing = 1;
		};
/* End PBXCopyFilesBuildPhase section */

/* Begin PBXFileReference section */
		D6E4FA882A6E4CB7001CBB3A /* BurgerApp */ = {isa = PBXFileReference; explicitFileType = "compiled.mach-o.executable"; includeInIndex = 0; path = BurgerApp; sourceTree = BUILT_PRODUCTS_DIR; };
		D6E4FA8B2A6E4CB7001CBB3A /* main.swift */ = {isa = PBXFileReference; lastKnownFileType = sourcecode.swift; path = main.swift; sourceTree = "<group>"; };
		D6E4FA922A6E68DA001CBB3A /* BurgerService.swift */ = {isa = PBXFileReference; lastKnownFileType = sourcecode.swift; path = BurgerService.swift; sourceTree = "<group>"; };
		D6E4FA942A6E6981001CBB3A /* IceCreamService.swift */ = {isa = PBXFileReference; lastKnownFileType = sourcecode.swift; path = IceCreamService.swift; sourceTree = "<group>"; };
		D6E4FA962A6E6E59001CBB3A /* Sellable.swift */ = {isa = PBXFileReference; lastKnownFileType = sourcecode.swift; path = Sellable.swift; sourceTree = "<group>"; };
		D6E4FA9A2A6EE346001CBB3A /* DrinkService.swift */ = {isa = PBXFileReference; lastKnownFileType = sourcecode.swift; path = DrinkService.swift; sourceTree = "<group>"; };
		D6E4FA9C2A6EE354001CBB3A /* BeerService.swift */ = {isa = PBXFileReference; lastKnownFileType = sourcecode.swift; path = BeerService.swift; sourceTree = "<group>"; };
		D6E4FAAA2A6EE3F1001CBB3A /* ReadLiner.swift */ = {isa = PBXFileReference; lastKnownFileType = sourcecode.swift; path = ReadLiner.swift; sourceTree = "<group>"; };
		D6E4FAAF2A6EE447001CBB3A /* OrderRepository.swift */ = {isa = PBXFileReference; lastKnownFileType = sourcecode.swift; path = OrderRepository.swift; sourceTree = "<group>"; };
		D6E4FAB12A6EE47C001CBB3A /* OrderService.swift */ = {isa = PBXFileReference; lastKnownFileType = sourcecode.swift; path = OrderService.swift; sourceTree = "<group>"; };
		D6E4FAB32A6EE485001CBB3A /* CancelService.swift */ = {isa = PBXFileReference; lastKnownFileType = sourcecode.swift; path = CancelService.swift; sourceTree = "<group>"; };
		D6E4FAB72A6EE55D001CBB3A /* Customer.swift */ = {isa = PBXFileReference; lastKnownFileType = sourcecode.swift; path = Customer.swift; sourceTree = "<group>"; };
		D6E4FABC2A6EE7E3001CBB3A /* Order.swift */ = {isa = PBXFileReference; lastKnownFileType = sourcecode.swift; path = Order.swift; sourceTree = "<group>"; };
		D6E4FABE2A6EF2B5001CBB3A /* MenuMaker.swift */ = {isa = PBXFileReference; lastKnownFileType = sourcecode.swift; path = MenuMaker.swift; sourceTree = "<group>"; };
		D6E4FAC02A6F51FC001CBB3A /* BurgerApp.swift */ = {isa = PBXFileReference; lastKnownFileType = sourcecode.swift; path = BurgerApp.swift; sourceTree = "<group>"; };
		D6E4FAC32A6F52FA001CBB3A /* MenuRepository.swift */ = {isa = PBXFileReference; lastKnownFileType = sourcecode.swift; path = MenuRepository.swift; sourceTree = "<group>"; };
		D6E4FAC52A6F594F001CBB3A /* Dependency.swift */ = {isa = PBXFileReference; lastKnownFileType = sourcecode.swift; path = Dependency.swift; sourceTree = "<group>"; };
		D6E4FAC72A6F82E3001CBB3A /* CartRepository.swift */ = {isa = PBXFileReference; lastKnownFileType = sourcecode.swift; path = CartRepository.swift; sourceTree = "<group>"; };
		D6E4FACA2A6FCD54001CBB3A /* Date+Ext.swift */ = {isa = PBXFileReference; lastKnownFileType = sourcecode.swift; path = "Date+Ext.swift"; sourceTree = "<group>"; };
		D6E4FAEC2A703ECE001CBB3A /* DateService.swift */ = {isa = PBXFileReference; lastKnownFileType = sourcecode.swift; path = DateService.swift; sourceTree = "<group>"; };
		D6E4FAEE2A704887001CBB3A /* Burger.swift */ = {isa = PBXFileReference; lastKnownFileType = sourcecode.swift; path = Burger.swift; sourceTree = "<group>"; };
		D6E4FAF02A70489D001CBB3A /* IceCream.swift */ = {isa = PBXFileReference; lastKnownFileType = sourcecode.swift; path = IceCream.swift; sourceTree = "<group>"; };
		D6E4FAF22A7048A2001CBB3A /* Beer.swift */ = {isa = PBXFileReference; lastKnownFileType = sourcecode.swift; path = Beer.swift; sourceTree = "<group>"; };
		D6E4FAF42A7048AE001CBB3A /* Drink.swift */ = {isa = PBXFileReference; lastKnownFileType = sourcecode.swift; path = Drink.swift; sourceTree = "<group>"; };
		D6E4FAF62A70AA95001CBB3A /* MoneyService.swift */ = {isa = PBXFileReference; lastKnownFileType = sourcecode.swift; path = MoneyService.swift; sourceTree = "<group>"; };
		D6E4FB242A71FF36001CBB3A /* Calendar+Ext.swift */ = {isa = PBXFileReference; lastKnownFileType = sourcecode.swift; path = "Calendar+Ext.swift"; sourceTree = "<group>"; };
		D6E4FB272A7247C9001CBB3A /* QueueService.swift */ = {isa = PBXFileReference; lastKnownFileType = sourcecode.swift; path = QueueService.swift; sourceTree = "<group>"; };
/* End PBXFileReference section */

/* Begin PBXFrameworksBuildPhase section */
		D6E4FA852A6E4CB7001CBB3A /* Frameworks */ = {
			isa = PBXFrameworksBuildPhase;
			buildActionMask = 2147483647;
			files = (
			);
			runOnlyForDeploymentPostprocessing = 0;
		};
/* End PBXFrameworksBuildPhase section */

/* Begin PBXGroup section */
		D6E4FA7F2A6E4CB7001CBB3A = {
			isa = PBXGroup;
			children = (
				D6E4FA8A2A6E4CB7001CBB3A /* BurgerApp */,
				D6E4FA892A6E4CB7001CBB3A /* Products */,
			);
			sourceTree = "<group>";
		};
		D6E4FA892A6E4CB7001CBB3A /* Products */ = {
			isa = PBXGroup;
			children = (
				D6E4FA882A6E4CB7001CBB3A /* BurgerApp */,
			);
			name = Products;
			sourceTree = "<group>";
		};
		D6E4FA8A2A6E4CB7001CBB3A /* BurgerApp */ = {
			isa = PBXGroup;
			children = (
				D6E4FAB62A6EE521001CBB3A /* Extensions */,
				D6E4FAB52A6EE4F5001CBB3A /* Dependency */,
				D6E4FA8B2A6E4CB7001CBB3A /* main.swift */,
				D6E4FA9E2A6EE368001CBB3A /* Services */,
				D6E4FAA52A6EE3A6001CBB3A /* Model */,
				D6E4FAAE2A6EE41A001CBB3A /* Repositories */,
				D6E4FAC22A6F520E001CBB3A /* App */,
			);
			path = BurgerApp;
			sourceTree = "<group>";
		};
		D6E4FA9E2A6EE368001CBB3A /* Services */ = {
			isa = PBXGroup;
			children = (
				D6E4FA922A6E68DA001CBB3A /* BurgerService.swift */,
				D6E4FA942A6E6981001CBB3A /* IceCreamService.swift */,
				D6E4FA9A2A6EE346001CBB3A /* DrinkService.swift */,
				D6E4FA9C2A6EE354001CBB3A /* BeerService.swift */,
				D6E4FAB12A6EE47C001CBB3A /* OrderService.swift */,
				D6E4FAB32A6EE485001CBB3A /* CancelService.swift */,
				D6E4FAEC2A703ECE001CBB3A /* DateService.swift */,
				D6E4FAAA2A6EE3F1001CBB3A /* ReadLiner.swift */,
				D6E4FABE2A6EF2B5001CBB3A /* MenuMaker.swift */,
				D6E4FAF62A70AA95001CBB3A /* MoneyService.swift */,
				D6E4FB272A7247C9001CBB3A /* QueueService.swift */,
			);
			path = Services;
			sourceTree = "<group>";
		};
		D6E4FAA52A6EE3A6001CBB3A /* Model */ = {
			isa = PBXGroup;
			children = (
				D6E4FAB92A6EE656001CBB3A /* Protocols */,
				D6E4FAEE2A704887001CBB3A /* Burger.swift */,
				D6E4FAF02A70489D001CBB3A /* IceCream.swift */,
				D6E4FAF42A7048AE001CBB3A /* Drink.swift */,
				D6E4FAF22A7048A2001CBB3A /* Beer.swift */,
				D6E4FAB72A6EE55D001CBB3A /* Customer.swift */,
				D6E4FABC2A6EE7E3001CBB3A /* Order.swift */,
			);
			path = Model;
			sourceTree = "<group>";
		};
		D6E4FAAE2A6EE41A001CBB3A /* Repositories */ = {
			isa = PBXGroup;
			children = (
				D6E4FAAF2A6EE447001CBB3A /* OrderRepository.swift */,
				D6E4FAC32A6F52FA001CBB3A /* MenuRepository.swift */,
				D6E4FAC72A6F82E3001CBB3A /* CartRepository.swift */,
			);
			path = Repositories;
			sourceTree = "<group>";
		};
		D6E4FAB52A6EE4F5001CBB3A /* Dependency */ = {
			isa = PBXGroup;
			children = (
				D6E4FAC52A6F594F001CBB3A /* Dependency.swift */,
			);
			path = Dependency;
			sourceTree = "<group>";
		};
		D6E4FAB62A6EE521001CBB3A /* Extensions */ = {
			isa = PBXGroup;
			children = (
				D6E4FACA2A6FCD54001CBB3A /* Date+Ext.swift */,
				D6E4FB242A71FF36001CBB3A /* Calendar+Ext.swift */,
			);
			path = Extensions;
			sourceTree = "<group>";
		};
		D6E4FAB92A6EE656001CBB3A /* Protocols */ = {
			isa = PBXGroup;
			children = (
				D6E4FA962A6E6E59001CBB3A /* Sellable.swift */,
			);
			path = Protocols;
			sourceTree = "<group>";
		};
		D6E4FAC22A6F520E001CBB3A /* App */ = {
			isa = PBXGroup;
			children = (
				D6E4FAC02A6F51FC001CBB3A /* BurgerApp.swift */,
			);
			path = App;
			sourceTree = "<group>";
		};
/* End PBXGroup section */

/* Begin PBXNativeTarget section */
		D6E4FA872A6E4CB7001CBB3A /* BurgerApp */ = {
			isa = PBXNativeTarget;
			buildConfigurationList = D6E4FA8F2A6E4CB7001CBB3A /* Build configuration list for PBXNativeTarget "BurgerApp" */;
			buildPhases = (
				D6E4FA842A6E4CB7001CBB3A /* Sources */,
				D6E4FA852A6E4CB7001CBB3A /* Frameworks */,
				D6E4FA862A6E4CB7001CBB3A /* CopyFiles */,
			);
			buildRules = (
			);
			dependencies = (
			);
			name = BurgerApp;
			productName = BurgerApp;
			productReference = D6E4FA882A6E4CB7001CBB3A /* BurgerApp */;
			productType = "com.apple.product-type.tool";
		};
/* End PBXNativeTarget section */

/* Begin PBXProject section */
		D6E4FA802A6E4CB7001CBB3A /* Project object */ = {
			isa = PBXProject;
			attributes = {
				BuildIndependentTargetsInParallel = 1;
				LastSwiftUpdateCheck = 1430;
				LastUpgradeCheck = 1430;
				TargetAttributes = {
					D6E4FA872A6E4CB7001CBB3A = {
						CreatedOnToolsVersion = 14.3.1;
					};
				};
			};
			buildConfigurationList = D6E4FA832A6E4CB7001CBB3A /* Build configuration list for PBXProject "BurgerApp" */;
			compatibilityVersion = "Xcode 14.0";
			developmentRegion = en;
			hasScannedForEncodings = 0;
			knownRegions = (
				en,
				Base,
			);
			mainGroup = D6E4FA7F2A6E4CB7001CBB3A;
			productRefGroup = D6E4FA892A6E4CB7001CBB3A /* Products */;
			projectDirPath = "";
			projectRoot = "";
			targets = (
				D6E4FA872A6E4CB7001CBB3A /* BurgerApp */,
			);
		};
/* End PBXProject section */

/* Begin PBXSourcesBuildPhase section */
		D6E4FA842A6E4CB7001CBB3A /* Sources */ = {
			isa = PBXSourcesBuildPhase;
			buildActionMask = 2147483647;
			files = (
				D6E4FAB02A6EE447001CBB3A /* OrderRepository.swift in Sources */,
				D6E4FB282A7247C9001CBB3A /* QueueService.swift in Sources */,
				D6E4FB252A71FF36001CBB3A /* Calendar+Ext.swift in Sources */,
				D6E4FAC12A6F51FC001CBB3A /* BurgerApp.swift in Sources */,
				D6E4FA952A6E6981001CBB3A /* IceCreamService.swift in Sources */,
				D6E4FAF32A7048A2001CBB3A /* Beer.swift in Sources */,
				D6E4FA932A6E68DA001CBB3A /* BurgerService.swift in Sources */,
				D6E4FABD2A6EE7E3001CBB3A /* Order.swift in Sources */,
				D6E4FAF72A70AA95001CBB3A /* MoneyService.swift in Sources */,
				D6E4FAB82A6EE55D001CBB3A /* Customer.swift in Sources */,
				D6E4FAEF2A704887001CBB3A /* Burger.swift in Sources */,
				D6E4FAAB2A6EE3F1001CBB3A /* ReadLiner.swift in Sources */,
				D6E4FAC42A6F52FA001CBB3A /* MenuRepository.swift in Sources */,
				D6E4FA972A6E6E59001CBB3A /* Sellable.swift in Sources */,
				D6E4FACB2A6FCD54001CBB3A /* Date+Ext.swift in Sources */,
				D6E4FAC62A6F594F001CBB3A /* Dependency.swift in Sources */,
				D6E4FAED2A703ECE001CBB3A /* DateService.swift in Sources */,
				D6E4FAB22A6EE47C001CBB3A /* OrderService.swift in Sources */,
				D6E4FAB42A6EE485001CBB3A /* CancelService.swift in Sources */,
				D6E4FAC82A6F82E3001CBB3A /* CartRepository.swift in Sources */,
				D6E4FA9D2A6EE354001CBB3A /* BeerService.swift in Sources */,
				D6E4FAF52A7048AE001CBB3A /* Drink.swift in Sources */,
				D6E4FAF12A70489D001CBB3A /* IceCream.swift in Sources */,
				D6E4FA9B2A6EE346001CBB3A /* DrinkService.swift in Sources */,
				D6E4FABF2A6EF2B5001CBB3A /* MenuMaker.swift in Sources */,
				D6E4FA8C2A6E4CB7001CBB3A /* main.swift in Sources */,
			);
			runOnlyForDeploymentPostprocessing = 0;
		};
/* End PBXSourcesBuildPhase section */

/* Begin XCBuildConfiguration section */
		D6E4FA8D2A6E4CB7001CBB3A /* Debug */ = {
			isa = XCBuildConfiguration;
			buildSettings = {
				ALWAYS_SEARCH_USER_PATHS = NO;
				CLANG_ANALYZER_NONNULL = YES;
				CLANG_ANALYZER_NUMBER_OBJECT_CONVERSION = YES_AGGRESSIVE;
				CLANG_CXX_LANGUAGE_STANDARD = "gnu++20";
				CLANG_ENABLE_MODULES = YES;
				CLANG_ENABLE_OBJC_ARC = YES;
				CLANG_ENABLE_OBJC_WEAK = YES;
				CLANG_WARN_BLOCK_CAPTURE_AUTORELEASING = YES;
				CLANG_WARN_BOOL_CONVERSION = YES;
				CLANG_WARN_COMMA = YES;
				CLANG_WARN_CONSTANT_CONVERSION = YES;
				CLANG_WARN_DEPRECATED_OBJC_IMPLEMENTATIONS = YES;
				CLANG_WARN_DIRECT_OBJC_ISA_USAGE = YES_ERROR;
				CLANG_WARN_DOCUMENTATION_COMMENTS = YES;
				CLANG_WARN_EMPTY_BODY = YES;
				CLANG_WARN_ENUM_CONVERSION = YES;
				CLANG_WARN_INFINITE_RECURSION = YES;
				CLANG_WARN_INT_CONVERSION = YES;
				CLANG_WARN_NON_LITERAL_NULL_CONVERSION = YES;
				CLANG_WARN_OBJC_IMPLICIT_RETAIN_SELF = YES;
				CLANG_WARN_OBJC_LITERAL_CONVERSION = YES;
				CLANG_WARN_OBJC_ROOT_CLASS = YES_ERROR;
				CLANG_WARN_QUOTED_INCLUDE_IN_FRAMEWORK_HEADER = YES;
				CLANG_WARN_RANGE_LOOP_ANALYSIS = YES;
				CLANG_WARN_STRICT_PROTOTYPES = YES;
				CLANG_WARN_SUSPICIOUS_MOVE = YES;
				CLANG_WARN_UNGUARDED_AVAILABILITY = YES_AGGRESSIVE;
				CLANG_WARN_UNREACHABLE_CODE = YES;
				CLANG_WARN__DUPLICATE_METHOD_MATCH = YES;
				COPY_PHASE_STRIP = NO;
				DEBUG_INFORMATION_FORMAT = dwarf;
				ENABLE_STRICT_OBJC_MSGSEND = YES;
				ENABLE_TESTABILITY = YES;
				GCC_C_LANGUAGE_STANDARD = gnu11;
				GCC_DYNAMIC_NO_PIC = NO;
				GCC_NO_COMMON_BLOCKS = YES;
				GCC_OPTIMIZATION_LEVEL = 0;
				GCC_PREPROCESSOR_DEFINITIONS = (
					"DEBUG=1",
					"$(inherited)",
				);
				GCC_WARN_64_TO_32_BIT_CONVERSION = YES;
				GCC_WARN_ABOUT_RETURN_TYPE = YES_ERROR;
				GCC_WARN_UNDECLARED_SELECTOR = YES;
				GCC_WARN_UNINITIALIZED_AUTOS = YES_AGGRESSIVE;
				GCC_WARN_UNUSED_FUNCTION = YES;
				GCC_WARN_UNUSED_VARIABLE = YES;
				MACOSX_DEPLOYMENT_TARGET = 13.0;
				MTL_ENABLE_DEBUG_INFO = INCLUDE_SOURCE;
				MTL_FAST_MATH = YES;
				ONLY_ACTIVE_ARCH = YES;
				SDKROOT = macosx;
				SWIFT_ACTIVE_COMPILATION_CONDITIONS = DEBUG;
				SWIFT_OPTIMIZATION_LEVEL = "-Onone";
			};
			name = Debug;
		};
		D6E4FA8E2A6E4CB7001CBB3A /* Release */ = {
			isa = XCBuildConfiguration;
			buildSettings = {
				ALWAYS_SEARCH_USER_PATHS = NO;
				CLANG_ANALYZER_NONNULL = YES;
				CLANG_ANALYZER_NUMBER_OBJECT_CONVERSION = YES_AGGRESSIVE;
				CLANG_CXX_LANGUAGE_STANDARD = "gnu++20";
				CLANG_ENABLE_MODULES = YES;
				CLANG_ENABLE_OBJC_ARC = YES;
				CLANG_ENABLE_OBJC_WEAK = YES;
				CLANG_WARN_BLOCK_CAPTURE_AUTORELEASING = YES;
				CLANG_WARN_BOOL_CONVERSION = YES;
				CLANG_WARN_COMMA = YES;
				CLANG_WARN_CONSTANT_CONVERSION = YES;
				CLANG_WARN_DEPRECATED_OBJC_IMPLEMENTATIONS = YES;
				CLANG_WARN_DIRECT_OBJC_ISA_USAGE = YES_ERROR;
				CLANG_WARN_DOCUMENTATION_COMMENTS = YES;
				CLANG_WARN_EMPTY_BODY = YES;
				CLANG_WARN_ENUM_CONVERSION = YES;
				CLANG_WARN_INFINITE_RECURSION = YES;
				CLANG_WARN_INT_CONVERSION = YES;
				CLANG_WARN_NON_LITERAL_NULL_CONVERSION = YES;
				CLANG_WARN_OBJC_IMPLICIT_RETAIN_SELF = YES;
				CLANG_WARN_OBJC_LITERAL_CONVERSION = YES;
				CLANG_WARN_OBJC_ROOT_CLASS = YES_ERROR;
				CLANG_WARN_QUOTED_INCLUDE_IN_FRAMEWORK_HEADER = YES;
				CLANG_WARN_RANGE_LOOP_ANALYSIS = YES;
				CLANG_WARN_STRICT_PROTOTYPES = YES;
				CLANG_WARN_SUSPICIOUS_MOVE = YES;
				CLANG_WARN_UNGUARDED_AVAILABILITY = YES_AGGRESSIVE;
				CLANG_WARN_UNREACHABLE_CODE = YES;
				CLANG_WARN__DUPLICATE_METHOD_MATCH = YES;
				COPY_PHASE_STRIP = NO;
				DEBUG_INFORMATION_FORMAT = "dwarf-with-dsym";
				ENABLE_NS_ASSERTIONS = NO;
				ENABLE_STRICT_OBJC_MSGSEND = YES;
				GCC_C_LANGUAGE_STANDARD = gnu11;
				GCC_NO_COMMON_BLOCKS = YES;
				GCC_WARN_64_TO_32_BIT_CONVERSION = YES;
				GCC_WARN_ABOUT_RETURN_TYPE = YES_ERROR;
				GCC_WARN_UNDECLARED_SELECTOR = YES;
				GCC_WARN_UNINITIALIZED_AUTOS = YES_AGGRESSIVE;
				GCC_WARN_UNUSED_FUNCTION = YES;
				GCC_WARN_UNUSED_VARIABLE = YES;
				MACOSX_DEPLOYMENT_TARGET = 13.0;
				MTL_ENABLE_DEBUG_INFO = NO;
				MTL_FAST_MATH = YES;
				SDKROOT = macosx;
				SWIFT_COMPILATION_MODE = wholemodule;
				SWIFT_OPTIMIZATION_LEVEL = "-O";
			};
			name = Release;
		};
		D6E4FA902A6E4CB7001CBB3A /* Debug */ = {
			isa = XCBuildConfiguration;
			buildSettings = {
				CODE_SIGN_STYLE = Automatic;
				DEVELOPMENT_TEAM = RVJX7CVR56;
				ENABLE_HARDENED_RUNTIME = YES;
				PRODUCT_NAME = "$(TARGET_NAME)";
				SWIFT_VERSION = 5.0;
			};
			name = Debug;
		};
		D6E4FA912A6E4CB7001CBB3A /* Release */ = {
			isa = XCBuildConfiguration;
			buildSettings = {
				CODE_SIGN_STYLE = Automatic;
				DEVELOPMENT_TEAM = RVJX7CVR56;
				ENABLE_HARDENED_RUNTIME = YES;
				PRODUCT_NAME = "$(TARGET_NAME)";
				SWIFT_VERSION = 5.0;
			};
			name = Release;
		};
/* End XCBuildConfiguration section */

/* Begin XCConfigurationList section */
		D6E4FA832A6E4CB7001CBB3A /* Build configuration list for PBXProject "BurgerApp" */ = {
			isa = XCConfigurationList;
			buildConfigurations = (
				D6E4FA8D2A6E4CB7001CBB3A /* Debug */,
				D6E4FA8E2A6E4CB7001CBB3A /* Release */,
			);
			defaultConfigurationIsVisible = 0;
			defaultConfigurationName = Release;
		};
		D6E4FA8F2A6E4CB7001CBB3A /* Build configuration list for PBXNativeTarget "BurgerApp" */ = {
			isa = XCConfigurationList;
			buildConfigurations = (
				D6E4FA902A6E4CB7001CBB3A /* Debug */,
				D6E4FA912A6E4CB7001CBB3A /* Release */,
			);
			defaultConfigurationIsVisible = 0;
			defaultConfigurationName = Release;
		};
/* End XCConfigurationList section */
	};
	rootObject = D6E4FA802A6E4CB7001CBB3A /* Project object */;
}
